
Microsoft Visual Studio Solution File, Format Version 12.00
# Visual Studio Version 17
VisualStudioVersion = 17.2.32630.192
MinimumVisualStudioVersion = 10.0.40219.1
Project("{FAE04EC0-301F-11D3-BF4B-00C04F79EFBC}") = "GuessTheNumber", "GuessTheNumber\GuessTheNumber.csproj", "{397D5105-2881-421D-8849-4B2BEA46FFAD}"
EndProject
Global
	GlobalSection(SolutionConfigurationPlatforms) = preSolution
		Debug|Any CPU = Debug|Any CPU
		Release|Any CPU = Release|Any CPU
	EndGlobalSection
	GlobalSection(ProjectConfigurationPlatforms) = postSolution
		{397D5105-2881-421D-8849-4B2BEA46FFAD}.Debug|Any CPU.ActiveCfg = Debug|Any CPU
		{397D5105-2881-421D-8849-4B2BEA46FFAD}.Debug|Any CPU.Build.0 = Debug|Any CPU
		{397D5105-2881-421D-8849-4B2BEA46FFAD}.Release|Any CPU.ActiveCfg = Release|Any CPU
		{397D5105-2881-421D-8849-4B2BEA46FFAD}.Release|Any CPU.Build.0 = Release|Any CPU
	EndGlobalSection
	GlobalSection(SolutionProperties) = preSolution
		HideSolutionNode = FALSE
	EndGlobalSection
	GlobalSection(ExtensibilityGlobals) = postSolution
		SolutionGuid = {625EDFC4-A548-49DF-9B34-B4752D9F6AE3}
	EndGlobalSection
EndGlobal
